{
  "name": "zkp-sbt",
  "version": "1.0.0",
  "lockfileVersion": 2,
  "requires": true,
  "packages": {
    "": {
      "name": "zkp-sbt",
      "version": "1.0.0",
      "license": "ISC",
      "dependencies": {
        "circomlib": "^2.0.3"
      }
    },
    "node_modules/circomlib": {
      "version": "2.0.3",
      "resolved": "https://registry.npmjs.org/circomlib/-/circomlib-2.0.3.tgz",
      "integrity": "sha512-OeG1YBcqS8mnsOI1WAZePbyAVBMf398sSQfXetpPAb2HC0+1r9Q6kN/qQaHkJZ77BZmXn5dUqQTa5g6d5BDS3Q=="
    }
  },
  "dependencies": {
    "circomlib": {
      "version": "2.0.3",
      "resolved": "https://registry.npmjs.org/circomlib/-/circomlib-2.0.3.tgz",
      "integrity": "sha512-OeG1YBcqS8mnsOI1WAZePbyAVBMf398sSQfXetpPAb2HC0+1r9Q6kN/qQaHkJZ77BZmXn5dUqQTa5g6d5BDS3Q=="
    }
  }
}
